
Microsoft Visual Studio Solution File, Format Version 12.00
# Visual Studio 2012
Project("{8BC9CEB8-8B4A-11D0-8D11-00A0C91BC942}") = "ConsoleApplication2", "ConsoleApplication2\ConsoleApplication2.vcxproj", "{ED46AF2E-99EF-40FF-90CA-42E87597487E}"
EndProject
Global
	GlobalSection(SolutionConfigurationPlatforms) = preSolution
		Debug|Win32 = Debug|Win32
		Release|Win32 = Release|Win32
	EndGlobalSection
	GlobalSection(ProjectConfigurationPlatforms) = postSolution
		{ED46AF2E-99EF-40FF-90CA-42E87597487E}.Debug|Win32.ActiveCfg = Debug|Win32
		{ED46AF2E-99EF-40FF-90CA-42E87597487E}.Debug|Win32.Build.0 = Debug|Win32
		{ED46AF2E-99EF-40FF-90CA-42E87597487E}.Release|Win32.ActiveCfg = Release|Win32
		{ED46AF2E-99EF-40FF-90CA-42E87597487E}.Release|Win32.Build.0 = Release|Win32
	EndGlobalSection
	GlobalSection(SolutionProperties) = preSolution
		HideSolutionNode = FALSE
	EndGlobalSection
EndGlobal
